
Microsoft Visual Studio Solution File, Format Version 12.00
# Visual Studio Version 16
VisualStudioVersion = 16.0.30128.74
MinimumVisualStudioVersion = 10.0.40219.1
Project("{8BC9CEB8-8B4A-11D0-8D11-00A0C91BC942}") = "ms2", "ms2.vcxproj", "{678A017A-EECD-4E05-9ACD-FEC4EEBD9B01}"
EndProject
Global
	GlobalSection(SolutionConfigurationPlatforms) = preSolution
		Debug|x64 = Debug|x64
		Debug|x86 = Debug|x86
		Release|x64 = Release|x64
		Release|x86 = Release|x86
	EndGlobalSection
	GlobalSection(ProjectConfigurationPlatforms) = postSolution
		{678A017A-EECD-4E05-9ACD-FEC4EEBD9B01}.Debug|x64.ActiveCfg = Debug|x64
		{678A017A-EECD-4E05-9ACD-FEC4EEBD9B01}.Debug|x64.Build.0 = Debug|x64
		{678A017A-EECD-4E05-9ACD-FEC4EEBD9B01}.Debug|x86.ActiveCfg = Debug|Win32
		{678A017A-EECD-4E05-9ACD-FEC4EEBD9B01}.Debug|x86.Build.0 = Debug|Win32
		{678A017A-EECD-4E05-9ACD-FEC4EEBD9B01}.Release|x64.ActiveCfg = Release|x64
		{678A017A-EECD-4E05-9ACD-FEC4EEBD9B01}.Release|x64.Build.0 = Release|x64
		{678A017A-EECD-4E05-9ACD-FEC4EEBD9B01}.Release|x86.ActiveCfg = Release|Win32
		{678A017A-EECD-4E05-9ACD-FEC4EEBD9B01}.Release|x86.Build.0 = Release|Win32
	EndGlobalSection
	GlobalSection(SolutionProperties) = preSolution
		HideSolutionNode = FALSE
	EndGlobalSection
	GlobalSection(ExtensibilityGlobals) = postSolution
		SolutionGuid = {2F6CAA04-6FC6-4143-9D0A-9A1534CE26DB}
	EndGlobalSection
EndGlobal
